
Microsoft Visual Studio Solution File, Format Version 12.00
# Visual Studio Version 16
VisualStudioVersion = 16.0.31911.196
MinimumVisualStudioVersion = 10.0.40219.1
Project("{C9674DCB-5085-4A16-B785-4C70DD1589BD}") = "BankDWH", "BankDWH\BankDWH.dtproj", "{CE4E2D84-79B1-4002-B202-C4DD1D11B786}"
EndProject
Global
	GlobalSection(SolutionConfigurationPlatforms) = preSolution
		Development|Default = Development|Default
	EndGlobalSection
	GlobalSection(ProjectConfigurationPlatforms) = postSolution
		{CE4E2D84-79B1-4002-B202-C4DD1D11B786}.Development|Default.ActiveCfg = Development
		{CE4E2D84-79B1-4002-B202-C4DD1D11B786}.Development|Default.Build.0 = Development
	EndGlobalSection
	GlobalSection(SolutionProperties) = preSolution
		HideSolutionNode = FALSE
	EndGlobalSection
	GlobalSection(ExtensibilityGlobals) = postSolution
		SolutionGuid = {8E3BB054-9F7F-48AC-AB9C-632E06B631FB}
	EndGlobalSection
EndGlobal
